
Microsoft Visual Studio Solution File, Format Version 12.00
# Visual Studio 2013
VisualStudioVersion = 12.0.31101.0
MinimumVisualStudioVersion = 10.0.40219.1
Project("{FAE04EC0-301F-11D3-BF4B-00C04F79EFBC}") = "ConsoleHost", "ConsoleHost\ConsoleHost.csproj", "{37BB65BE-D2CD-4889-9680-732FE5933599}"
EndProject
Project("{FAE04EC0-301F-11D3-BF4B-00C04F79EFBC}") = "MultiplayerServer", "MultiplayerServer\MultiplayerServer.csproj", "{747B4461-CBA2-4024-9277-95D4AC211814}"
EndProject
Project("{FAE04EC0-301F-11D3-BF4B-00C04F79EFBC}") = "MultiplayerClient", "MultiplayerClient\MultiplayerClient.csproj", "{4CE2FCEB-7701-4C76-B77F-CB7207A634BB}"
EndProject
Project("{FAE04EC0-301F-11D3-BF4B-00C04F79EFBC}") = "MultiplayerContracts", "MultiplayerContracts\MultiplayerContracts.csproj", "{581DE4E7-8B4A-4113-8E52-5DE3933A9E2C}"
EndProject
Global
	GlobalSection(SolutionConfigurationPlatforms) = preSolution
		Debug|Any CPU = Debug|Any CPU
		Release|Any CPU = Release|Any CPU
	EndGlobalSection
	GlobalSection(ProjectConfigurationPlatforms) = postSolution
		{37BB65BE-D2CD-4889-9680-732FE5933599}.Debug|Any CPU.ActiveCfg = Debug|Any CPU
		{37BB65BE-D2CD-4889-9680-732FE5933599}.Debug|Any CPU.Build.0 = Debug|Any CPU
		{37BB65BE-D2CD-4889-9680-732FE5933599}.Release|Any CPU.ActiveCfg = Release|Any CPU
		{37BB65BE-D2CD-4889-9680-732FE5933599}.Release|Any CPU.Build.0 = Release|Any CPU
		{747B4461-CBA2-4024-9277-95D4AC211814}.Debug|Any CPU.ActiveCfg = Debug|Any CPU
		{747B4461-CBA2-4024-9277-95D4AC211814}.Debug|Any CPU.Build.0 = Debug|Any CPU
		{747B4461-CBA2-4024-9277-95D4AC211814}.Release|Any CPU.ActiveCfg = Release|Any CPU
		{747B4461-CBA2-4024-9277-95D4AC211814}.Release|Any CPU.Build.0 = Release|Any CPU
		{4CE2FCEB-7701-4C76-B77F-CB7207A634BB}.Debug|Any CPU.ActiveCfg = Debug|Any CPU
		{4CE2FCEB-7701-4C76-B77F-CB7207A634BB}.Debug|Any CPU.Build.0 = Debug|Any CPU
		{4CE2FCEB-7701-4C76-B77F-CB7207A634BB}.Release|Any CPU.ActiveCfg = Release|Any CPU
		{4CE2FCEB-7701-4C76-B77F-CB7207A634BB}.Release|Any CPU.Build.0 = Release|Any CPU
		{581DE4E7-8B4A-4113-8E52-5DE3933A9E2C}.Debug|Any CPU.ActiveCfg = Debug|Any CPU
		{581DE4E7-8B4A-4113-8E52-5DE3933A9E2C}.Debug|Any CPU.Build.0 = Debug|Any CPU
		{581DE4E7-8B4A-4113-8E52-5DE3933A9E2C}.Release|Any CPU.ActiveCfg = Release|Any CPU
		{581DE4E7-8B4A-4113-8E52-5DE3933A9E2C}.Release|Any CPU.Build.0 = Release|Any CPU
	EndGlobalSection
	GlobalSection(SolutionProperties) = preSolution
		HideSolutionNode = FALSE
	EndGlobalSection
EndGlobal
